// !$*UTF8*$!
{
	archiveVersion = 1;
	classes = {
	};
	objectVersion = 46;
	objects = {

/* Begin PBXBuildFile section */
		8CC534301F7032F3003E0283 /* AppDelegate.swift in Sources */ = {isa = PBXBuildFile; fileRef = 8CC5342F1F7032F3003E0283 /* AppDelegate.swift */; };
		8CC534321F7032F3003E0283 /* ViewController.swift in Sources */ = {isa = PBXBuildFile; fileRef = 8CC534311F7032F3003E0283 /* ViewController.swift */; };
		8CC534351F7032F3003E0283 /* Main.storyboard in Resources */ = {isa = PBXBuildFile; fileRef = 8CC534331F7032F3003E0283 /* Main.storyboard */; };
		8CC534371F7032F3003E0283 /* Assets.xcassets in Resources */ = {isa = PBXBuildFile; fileRef = 8CC534361F7032F3003E0283 /* Assets.xcassets */; };
		8CC5343A1F7032F3003E0283 /* LaunchScreen.storyboard in Resources */ = {isa = PBXBuildFile; fileRef = 8CC534381F7032F3003E0283 /* LaunchScreen.storyboard */; };
		8CC534451F7032F3003E0283 /* MotionTests.swift in Sources */ = {isa = PBXBuildFile; fileRef = 8CC534441F7032F3003E0283 /* MotionTests.swift */; };
		8CC534501F7032F3003E0283 /* MotionUITests.swift in Sources */ = {isa = PBXBuildFile; fileRef = 8CC5344F1F7032F3003E0283 /* MotionUITests.swift */; };
/* End PBXBuildFile section */

/* Begin PBXContainerItemProxy section */
		8CC534411F7032F3003E0283 /* PBXContainerItemProxy */ = {
			isa = PBXContainerItemProxy;
			containerPortal = 8CC534241F7032F3003E0283 /* Project object */;
			proxyType = 1;
			remoteGlobalIDString = 8CC5342B1F7032F3003E0283;
			remoteInfo = Motion;
		};
		8CC5344C1F7032F3003E0283 /* PBXContainerItemProxy */ = {
			isa = PBXContainerItemProxy;
			containerPortal = 8CC534241F7032F3003E0283 /* Project object */;
			proxyType = 1;
			remoteGlobalIDString = 8CC5342B1F7032F3003E0283;
			remoteInfo = Motion;
		};
/* End PBXContainerItemProxy section */

/* Begin PBXFileReference section */
		8CC5342C1F7032F3003E0283 /* Motion.app */ = {isa = PBXFileReference; explicitFileType = wrapper.application; includeInIndex = 0; path = Motion.app; sourceTree = BUILT_PRODUCTS_DIR; };
		8CC5342F1F7032F3003E0283 /* AppDelegate.swift */ = {isa = PBXFileReference; lastKnownFileType = sourcecode.swift; path = AppDelegate.swift; sourceTree = "<group>"; };
		8CC534311F7032F3003E0283 /* ViewController.swift */ = {isa = PBXFileReference; lastKnownFileType = sourcecode.swift; path = ViewController.swift; sourceTree = "<group>"; };
		8CC534341F7032F3003E0283 /* Base */ = {isa = PBXFileReference; lastKnownFileType = file.storyboard; name = Base; path = Base.lproj/Main.storyboard; sourceTree = "<group>"; };
		8CC534361F7032F3003E0283 /* Assets.xcassets */ = {isa = PBXFileReference; lastKnownFileType = folder.assetcatalog; path = Assets.xcassets; sourceTree = "<group>"; };
		8CC534391F7032F3003E0283 /* Base */ = {isa = PBXFileReference; lastKnownFileType = file.storyboard; name = Base; path = Base.lproj/LaunchScreen.storyboard; sourceTree = "<group>"; };
		8CC5343B1F7032F3003E0283 /* Info.plist */ = {isa = PBXFileReference; lastKnownFileType = text.plist.xml; path = Info.plist; sourceTree = "<group>"; };
		8CC534401F7032F3003E0283 /* MotionTests.xctest */ = {isa = PBXFileReference; explicitFileType = wrapper.cfbundle; includeInIndex = 0; path = MotionTests.xctest; sourceTree = BUILT_PRODUCTS_DIR; };
		8CC534441F7032F3003E0283 /* MotionTests.swift */ = {isa = PBXFileReference; lastKnownFileType = sourcecode.swift; path = MotionTests.swift; sourceTree = "<group>"; };
		8CC534461F7032F3003E0283 /* Info.plist */ = {isa = PBXFileReference; lastKnownFileType = text.plist.xml; path = Info.plist; sourceTree = "<group>"; };
		8CC5344B1F7032F3003E0283 /* MotionUITests.xctest */ = {isa = PBXFileReference; explicitFileType = wrapper.cfbundle; includeInIndex = 0; path = MotionUITests.xctest; sourceTree = BUILT_PRODUCTS_DIR; };
		8CC5344F1F7032F3003E0283 /* MotionUITests.swift */ = {isa = PBXFileReference; lastKnownFileType = sourcecode.swift; path = MotionUITests.swift; sourceTree = "<group>"; };
		8CC534511F7032F3003E0283 /* Info.plist */ = {isa = PBXFileReference; lastKnownFileType = text.plist.xml; path = Info.plist; sourceTree = "<group>"; };
/* End PBXFileReference section */

/* Begin PBXFrameworksBuildPhase section */
		8CC534291F7032F3003E0283 /* Frameworks */ = {
			isa = PBXFrameworksBuildPhase;
			buildActionMask = 2147483647;
			files = (
			);
			runOnlyForDeploymentPostprocessing = 0;
		};
		8CC5343D1F7032F3003E0283 /* Frameworks */ = {
			isa = PBXFrameworksBuildPhase;
			buildActionMask = 2147483647;
			files = (
			);
			runOnlyForDeploymentPostprocessing = 0;
		};
		8CC534481F7032F3003E0283 /* Frameworks */ = {
			isa = PBXFrameworksBuildPhase;
			buildActionMask = 2147483647;
			files = (
			);
			runOnlyForDeploymentPostprocessing = 0;
		};
/* End PBXFrameworksBuildPhase section */

/* Begin PBXGroup section */
		8CC534231F7032F3003E0283 = {
			isa = PBXGroup;
			children = (
				8CC5342E1F7032F3003E0283 /* Motion */,
				8CC534431F7032F3003E0283 /* MotionTests */,
				8CC5344E1F7032F3003E0283 /* MotionUITests */,
				8CC5342D1F7032F3003E0283 /* Products */,
			);
			sourceTree = "<group>";
		};
		8CC5342D1F7032F3003E0283 /* Products */ = {
			isa = PBXGroup;
			children = (
				8CC5342C1F7032F3003E0283 /* Motion.app */,
				8CC534401F7032F3003E0283 /* MotionTests.xctest */,
				8CC5344B1F7032F3003E0283 /* MotionUITests.xctest */,
			);
			name = Products;
			sourceTree = "<group>";
		};
		8CC5342E1F7032F3003E0283 /* Motion */ = {
			isa = PBXGroup;
			children = (
				8CC5342F1F7032F3003E0283 /* AppDelegate.swift */,
				8CC534311F7032F3003E0283 /* ViewController.swift */,
				8CC534331F7032F3003E0283 /* Main.storyboard */,
				8CC534361F7032F3003E0283 /* Assets.xcassets */,
				8CC534381F7032F3003E0283 /* LaunchScreen.storyboard */,
				8CC5343B1F7032F3003E0283 /* Info.plist */,
			);
			path = Motion;
			sourceTree = "<group>";
		};
		8CC534431F7032F3003E0283 /* MotionTests */ = {
			isa = PBXGroup;
			children = (
				8CC534441F7032F3003E0283 /* MotionTests.swift */,
				8CC534461F7032F3003E0283 /* Info.plist */,
			);
			path = MotionTests;
			sourceTree = "<group>";
		};
		8CC5344E1F7032F3003E0283 /* MotionUITests */ = {
			isa = PBXGroup;
			children = (
				8CC5344F1F7032F3003E0283 /* MotionUITests.swift */,
				8CC534511F7032F3003E0283 /* Info.plist */,
			);
			path = MotionUITests;
			sourceTree = "<group>";
		};
/* End PBXGroup section */

/* Begin PBXNativeTarget section */
		8CC5342B1F7032F3003E0283 /* Motion */ = {
			isa = PBXNativeTarget;
			buildConfigurationList = 8CC534541F7032F3003E0283 /* Build configuration list for PBXNativeTarget "Motion" */;
			buildPhases = (
				8CC534281F7032F3003E0283 /* Sources */,
				8CC534291F7032F3003E0283 /* Frameworks */,
				8CC5342A1F7032F3003E0283 /* Resources */,
			);
			buildRules = (
			);
			dependencies = (
			);
			name = Motion;
			productName = Motion;
			productReference = 8CC5342C1F7032F3003E0283 /* Motion.app */;
			productType = "com.apple.product-type.application";
		};
		8CC5343F1F7032F3003E0283 /* MotionTests */ = {
			isa = PBXNativeTarget;
			buildConfigurationList = 8CC534571F7032F3003E0283 /* Build configuration list for PBXNativeTarget "MotionTests" */;
			buildPhases = (
				8CC5343C1F7032F3003E0283 /* Sources */,
				8CC5343D1F7032F3003E0283 /* Frameworks */,
				8CC5343E1F7032F3003E0283 /* Resources */,
			);
			buildRules = (
			);
			dependencies = (
				8CC534421F7032F3003E0283 /* PBXTargetDependency */,
			);
			name = MotionTests;
			productName = MotionTests;
			productReference = 8CC534401F7032F3003E0283 /* MotionTests.xctest */;
			productType = "com.apple.product-type.bundle.unit-test";
		};
		8CC5344A1F7032F3003E0283 /* MotionUITests */ = {
			isa = PBXNativeTarget;
			buildConfigurationList = 8CC5345A1F7032F3003E0283 /* Build configuration list for PBXNativeTarget "MotionUITests" */;
			buildPhases = (
				8CC534471F7032F3003E0283 /* Sources */,
				8CC534481F7032F3003E0283 /* Frameworks */,
				8CC534491F7032F3003E0283 /* Resources */,
			);
			buildRules = (
			);
			dependencies = (
				8CC5344D1F7032F3003E0283 /* PBXTargetDependency */,
			);
			name = MotionUITests;
			productName = MotionUITests;
			productReference = 8CC5344B1F7032F3003E0283 /* MotionUITests.xctest */;
			productType = "com.apple.product-type.bundle.ui-testing";
		};
/* End PBXNativeTarget section */

/* Begin PBXProject section */
		8CC534241F7032F3003E0283 /* Project object */ = {
			isa = PBXProject;
			attributes = {
				LastSwiftUpdateCheck = 0830;
				LastUpgradeCheck = 0830;
				ORGANIZATIONNAME = "Vladislav Chebotaryov";
				TargetAttributes = {
					8CC5342B1F7032F3003E0283 = {
						CreatedOnToolsVersion = 8.3.3;
						ProvisioningStyle = Automatic;
					};
					8CC5343F1F7032F3003E0283 = {
						CreatedOnToolsVersion = 8.3.3;
						ProvisioningStyle = Automatic;
						TestTargetID = 8CC5342B1F7032F3003E0283;
					};
					8CC5344A1F7032F3003E0283 = {
						CreatedOnToolsVersion = 8.3.3;
						ProvisioningStyle = Automatic;
						TestTargetID = 8CC5342B1F7032F3003E0283;
					};
				};
			};
			buildConfigurationList = 8CC534271F7032F3003E0283 /* Build configuration list for PBXProject "Motion" */;
			compatibilityVersion = "Xcode 3.2";
			developmentRegion = English;
			hasScannedForEncodings = 0;
			knownRegions = (
				en,
				Base,
			);
			mainGroup = 8CC534231F7032F3003E0283;
			productRefGroup = 8CC5342D1F7032F3003E0283 /* Products */;
			projectDirPath = "";
			projectRoot = "";
			targets = (
				8CC5342B1F7032F3003E0283 /* Motion */,
				8CC5343F1F7032F3003E0283 /* MotionTests */,
				8CC5344A1F7032F3003E0283 /* MotionUITests */,
			);
		};
/* End PBXProject section */

/* Begin PBXResourcesBuildPhase section */
		8CC5342A1F7032F3003E0283 /* Resources */ = {
			isa = PBXResourcesBuildPhase;
			buildActionMask = 2147483647;
			files = (
				8CC5343A1F7032F3003E0283 /* LaunchScreen.storyboard in Resources */,
				8CC534371F7032F3003E0283 /* Assets.xcassets in Resources */,
				8CC534351F7032F3003E0283 /* Main.storyboard in Resources */,
			);
			runOnlyForDeploymentPostprocessing = 0;
		};
		8CC5343E1F7032F3003E0283 /* Resources */ = {
			isa = PBXResourcesBuildPhase;
			buildActionMask = 2147483647;
			files = (
			);
			runOnlyForDeploymentPostprocessing = 0;
		};
		8CC534491F7032F3003E0283 /* Resources */ = {
			isa = PBXResourcesBuildPhase;
			buildActionMask = 2147483647;
			files = (
			);
			runOnlyForDeploymentPostprocessing = 0;
		};
/* End PBXResourcesBuildPhase section */

/* Begin PBXSourcesBuildPhase section */
		8CC534281F7032F3003E0283 /* Sources */ = {
			isa = PBXSourcesBuildPhase;
			buildActionMask = 2147483647;
			files = (
				8CC534321F7032F3003E0283 /* ViewController.swift in Sources */,
				8CC534301F7032F3003E0283 /* AppDelegate.swift in Sources */,
			);
			runOnlyForDeploymentPostprocessing = 0;
		};
		8CC5343C1F7032F3003E0283 /* Sources */ = {
			isa = PBXSourcesBuildPhase;
			buildActionMask = 2147483647;
			files = (
				8CC534451F7032F3003E0283 /* MotionTests.swift in Sources */,
			);
			runOnlyForDeploymentPostprocessing = 0;
		};
		8CC534471F7032F3003E0283 /* Sources */ = {
			isa = PBXSourcesBuildPhase;
			buildActionMask = 2147483647;
			files = (
				8CC534501F7032F3003E0283 /* MotionUITests.swift in Sources */,
			);
			runOnlyForDeploymentPostprocessing = 0;
		};
/* End PBXSourcesBuildPhase section */

/* Begin PBXTargetDependency section */
		8CC534421F7032F3003E0283 /* PBXTargetDependency */ = {
			isa = PBXTargetDependency;
			target = 8CC5342B1F7032F3003E0283 /* Motion */;
			targetProxy = 8CC534411F7032F3003E0283 /* PBXContainerItemProxy */;
		};
		8CC5344D1F7032F3003E0283 /* PBXTargetDependency */ = {
			isa = PBXTargetDependency;
			target = 8CC5342B1F7032F3003E0283 /* Motion */;
			targetProxy = 8CC5344C1F7032F3003E0283 /* PBXContainerItemProxy */;
		};
/* End PBXTargetDependency section */

/* Begin PBXVariantGroup section */
		8CC534331F7032F3003E0283 /* Main.storyboard */ = {
			isa = PBXVariantGroup;
			children = (
				8CC534341F7032F3003E0283 /* Base */,
			);
			name = Main.storyboard;
			sourceTree = "<group>";
		};
		8CC534381F7032F3003E0283 /* LaunchScreen.storyboard */ = {
			isa = PBXVariantGroup;
			children = (
				8CC534391F7032F3003E0283 /* Base */,
			);
			name = LaunchScreen.storyboard;
			sourceTree = "<group>";
		};
/* End PBXVariantGroup section */

/* Begin XCBuildConfiguration section */
		8CC534521F7032F3003E0283 /* Debug */ = {
			isa = XCBuildConfiguration;
			buildSettings = {
				ALWAYS_SEARCH_USER_PATHS = NO;
				CLANG_ANALYZER_NONNULL = YES;
				CLANG_ANALYZER_NUMBER_OBJECT_CONVERSION = YES_AGGRESSIVE;
				CLANG_CXX_LANGUAGE_STANDARD = "gnu++0x";
				CLANG_CXX_LIBRARY = "libc++";
				CLANG_ENABLE_MODULES = YES;
				CLANG_ENABLE_OBJC_ARC = YES;
				CLANG_WARN_BOOL_CONVERSION = YES;
				CLANG_WARN_CONSTANT_CONVERSION = YES;
				CLANG_WARN_DIRECT_OBJC_ISA_USAGE = YES_ERROR;
				CLANG_WARN_DOCUMENTATION_COMMENTS = YES;
				CLANG_WARN_EMPTY_BODY = YES;
				CLANG_WARN_ENUM_CONVERSION = YES;
				CLANG_WARN_INFINITE_RECURSION = YES;
				CLANG_WARN_INT_CONVERSION = YES;
				CLANG_WARN_OBJC_ROOT_CLASS = YES_ERROR;
				CLANG_WARN_SUSPICIOUS_MOVE = YES;
				CLANG_WARN_UNREACHABLE_CODE = YES;
				CLANG_WARN__DUPLICATE_METHOD_MATCH = YES;
				"CODE_SIGN_IDENTITY[sdk=iphoneos*]" = "iPhone Developer";
				COPY_PHASE_STRIP = NO;
				DEBUG_INFORMATION_FORMAT = dwarf;
				ENABLE_STRICT_OBJC_MSGSEND = YES;
				ENABLE_TESTABILITY = YES;
				GCC_C_LANGUAGE_STANDARD = gnu99;
				GCC_DYNAMIC_NO_PIC = NO;
				GCC_NO_COMMON_BLOCKS = YES;
				GCC_OPTIMIZATION_LEVEL = 0;
				GCC_PREPROCESSOR_DEFINITIONS = (
					"DEBUG=1",
					"$(inherited)",
				);
				GCC_WARN_64_TO_32_BIT_CONVERSION = YES;
				GCC_WARN_ABOUT_RETURN_TYPE = YES_ERROR;
				GCC_WARN_UNDECLARED_SELECTOR = YES;
				GCC_WARN_UNINITIALIZED_AUTOS = YES_AGGRESSIVE;
				GCC_WARN_UNUSED_FUNCTION = YES;
				GCC_WARN_UNUSED_VARIABLE = YES;
				IPHONEOS_DEPLOYMENT_TARGET = 10.3;
				MTL_ENABLE_DEBUG_INFO = YES;
				ONLY_ACTIVE_ARCH = YES;
				SDKROOT = iphoneos;
				SWIFT_ACTIVE_COMPILATION_CONDITIONS = DEBUG;
				SWIFT_OPTIMIZATION_LEVEL = "-Onone";
				TARGETED_DEVICE_FAMILY = "1,2";
			};
			name = Debug;
		};
		8CC534531F7032F3003E0283 /* Release */ = {
			isa = XCBuildConfiguration;
			buildSettings = {
				ALWAYS_SEARCH_USER_PATHS = NO;
				CLANG_ANALYZER_NONNULL = YES;
				CLANG_ANALYZER_NUMBER_OBJECT_CONVERSION = YES_AGGRESSIVE;
				CLANG_CXX_LANGUAGE_STANDARD = "gnu++0x";
				CLANG_CXX_LIBRARY = "libc++";
				CLANG_ENABLE_MODULES = YES;
				CLANG_ENABLE_OBJC_ARC = YES;
				CLANG_WARN_BOOL_CONVERSION = YES;
				CLANG_WARN_CONSTANT_CONVERSION = YES;
				CLANG_WARN_DIRECT_OBJC_ISA_USAGE = YES_ERROR;
				CLANG_WARN_DOCUMENTATION_COMMENTS = YES;
				CLANG_WARN_EMPTY_BODY = YES;
				CLANG_WARN_ENUM_CONVERSION = YES;
				CLANG_WARN_INFINITE_RECURSION = YES;
				CLANG_WARN_INT_CONVERSION = YES;
				CLANG_WARN_OBJC_ROOT_CLASS = YES_ERROR;
				CLANG_WARN_SUSPICIOUS_MOVE = YES;
				CLANG_WARN_UNREACHABLE_CODE = YES;
				CLANG_WARN__DUPLICATE_METHOD_MATCH = YES;
				"CODE_SIGN_IDENTITY[sdk=iphoneos*]" = "iPhone Developer";
				COPY_PHASE_STRIP = NO;
				DEBUG_INFORMATION_FORMAT = "dwarf-with-dsym";
				ENABLE_NS_ASSERTIONS = NO;
				ENABLE_STRICT_OBJC_MSGSEND = YES;
				GCC_C_LANGUAGE_STANDARD = gnu99;
				GCC_NO_COMMON_BLOCKS = YES;
				GCC_WARN_64_TO_32_BIT_CONVERSION = YES;
				GCC_WARN_ABOUT_RETURN_TYPE = YES_ERROR;
				GCC_WARN_UNDECLARED_SELECTOR = YES;
				GCC_WARN_UNINITIALIZED_AUTOS = YES_AGGRESSIVE;
				GCC_WARN_UNUSED_FUNCTION = YES;
				GCC_WARN_UNUSED_VARIABLE = YES;
				IPHONEOS_DEPLOYMENT_TARGET = 10.3;
				MTL_ENABLE_DEBUG_INFO = NO;
				SDKROOT = iphoneos;
				SWIFT_OPTIMIZATION_LEVEL = "-Owholemodule";
				TARGETED_DEVICE_FAMILY = "1,2";
				VALIDATE_PRODUCT = YES;
			};
			name = Release;
		};
		8CC534551F7032F3003E0283 /* Debug */ = {
			isa = XCBuildConfiguration;
			buildSettings = {
				ASSETCATALOG_COMPILER_APPICON_NAME = AppIcon;
				INFOPLIST_FILE = Motion/Info.plist;
				LD_RUNPATH_SEARCH_PATHS = "$(inherited) @executable_path/Frameworks";
				PRODUCT_BUNDLE_IDENTIFIER = MStorm.Motion;
				PRODUCT_NAME = "$(TARGET_NAME)";
				SWIFT_VERSION = 3.0;
			};
			name = Debug;
		};
		8CC534561F7032F3003E0283 /* Release */ = {
			isa = XCBuildConfiguration;
			buildSettings = {
				ASSETCATALOG_COMPILER_APPICON_NAME = AppIcon;
				INFOPLIST_FILE = Motion/Info.plist;
				LD_RUNPATH_SEARCH_PATHS = "$(inherited) @executable_path/Frameworks";
				PRODUCT_BUNDLE_IDENTIFIER = MStorm.Motion;
				PRODUCT_NAME = "$(TARGET_NAME)";
				SWIFT_VERSION = 3.0;
			};
			name = Release;
		};
		8CC534581F7032F3003E0283 /* Debug */ = {
			isa = XCBuildConfiguration;
			buildSettings = {
				ALWAYS_EMBED_SWIFT_STANDARD_LIBRARIES = YES;
				BUNDLE_LOADER = "$(TEST_HOST)";
				INFOPLIST_FILE = MotionTests/Info.plist;
				LD_RUNPATH_SEARCH_PATHS = "$(inherited) @executable_path/Frameworks @loader_path/Frameworks";
				PRODUCT_BUNDLE_IDENTIFIER = MStorm.MotionTests;
				PRODUCT_NAME = "$(TARGET_NAME)";
				SWIFT_VERSION = 3.0;
				TEST_HOST = "$(BUILT_PRODUCTS_DIR)/Motion.app/Motion";
			};
			name = Debug;
		};
		8CC534591F7032F3003E0283 /* Release */ = {
			isa = XCBuildConfiguration;
			buildSettings = {
				ALWAYS_EMBED_SWIFT_STANDARD_LIBRARIES = YES;
				BUNDLE_LOADER = "$(TEST_HOST)";
				INFOPLIST_FILE = MotionTests/Info.plist;
				LD_RUNPATH_SEARCH_PATHS = "$(inherited) @executable_path/Frameworks @loader_path/Frameworks";
				PRODUCT_BUNDLE_IDENTIFIER = MStorm.MotionTests;
				PRODUCT_NAME = "$(TARGET_NAME)";
				SWIFT_VERSION = 3.0;
				TEST_HOST = "$(BUILT_PRODUCTS_DIR)/Motion.app/Motion";
			};
			name = Release;
		};
		8CC5345B1F7032F3003E0283 /* Debug */ = {
			isa = XCBuildConfiguration;
			buildSettings = {
				ALWAYS_EMBED_SWIFT_STANDARD_LIBRARIES = YES;
				INFOPLIST_FILE = MotionUITests/Info.plist;
				LD_RUNPATH_SEARCH_PATHS = "$(inherited) @executable_path/Frameworks @loader_path/Frameworks";
				PRODUCT_BUNDLE_IDENTIFIER = MStorm.MotionUITests;
				PRODUCT_NAME = "$(TARGET_NAME)";
				SWIFT_VERSION = 3.0;
				TEST_TARGET_NAME = Motion;
			};
			name = Debug;
		};
		8CC5345C1F7032F3003E0283 /* Release */ = {
			isa = XCBuildConfiguration;
			buildSettings = {
				ALWAYS_EMBED_SWIFT_STANDARD_LIBRARIES = YES;
				INFOPLIST_FILE = MotionUITests/Info.plist;
				LD_RUNPATH_SEARCH_PATHS = "$(inherited) @executable_path/Frameworks @loader_path/Frameworks";
				PRODUCT_BUNDLE_IDENTIFIER = MStorm.MotionUITests;
				PRODUCT_NAME = "$(TARGET_NAME)";
				SWIFT_VERSION = 3.0;
				TEST_TARGET_NAME = Motion;
			};
			name = Release;
		};
/* End XCBuildConfiguration section */

/* Begin XCConfigurationList section */
		8CC534271F7032F3003E0283 /* Build configuration list for PBXProject "Motion" */ = {
			isa = XCConfigurationList;
			buildConfigurations = (
				8CC534521F7032F3003E0283 /* Debug */,
				8CC534531F7032F3003E0283 /* Release */,
			);
			defaultConfigurationIsVisible = 0;
			defaultConfigurationName = Release;
		};
		8CC534541F7032F3003E0283 /* Build configuration list for PBXNativeTarget "Motion" */ = {
			isa = XCConfigurationList;
			buildConfigurations = (
				8CC534551F7032F3003E0283 /* Debug */,
				8CC534561F7032F3003E0283 /* Release */,
			);
			defaultConfigurationIsVisible = 0;
		};
		8CC534571F7032F3003E0283 /* Build configuration list for PBXNativeTarget "MotionTests" */ = {
			isa = XCConfigurationList;
			buildConfigurations = (
				8CC534581F7032F3003E0283 /* Debug */,
				8CC534591F7032F3003E0283 /* Release */,
			);
			defaultConfigurationIsVisible = 0;
		};
		8CC5345A1F7032F3003E0283 /* Build configuration list for PBXNativeTarget "MotionUITests" */ = {
			isa = XCConfigurationList;
			buildConfigurations = (
				8CC5345B1F7032F3003E0283 /* Debug */,
				8CC5345C1F7032F3003E0283 /* Release */,
			);
			defaultConfigurationIsVisible = 0;
		};
/* End XCConfigurationList section */
	};
	rootObject = 8CC534241F7032F3003E0283 /* Project object */;
}
